
Microsoft Visual Studio Solution File, Format Version 12.00
# Visual Studio Version 16
VisualStudioVersion = 16.0.31624.102
MinimumVisualStudioVersion = 10.0.40219.1
Project("{FAE04EC0-301F-11D3-BF4B-00C04F79EFBC}") = "LevelableAivu", "LevelableAivu\LevelableAivu.csproj", "{88C5A20A-AA6C-4856-987C-CAC9AA044C44}"
EndProject
Project("{2150E333-8FDC-42A3-9474-1A3956D46DE8}") = "Solution Items", "Solution Items", "{45D3F936-F8D4-43A9-8281-00194A939F51}"
	ProjectSection(SolutionItems) = preProject
		.gitignore = .gitignore
	EndProjectSection
EndProject
Global
	GlobalSection(SolutionConfigurationPlatforms) = preSolution
		Debug|Any CPU = Debug|Any CPU
		Release|Any CPU = Release|Any CPU
	EndGlobalSection
	GlobalSection(ProjectConfigurationPlatforms) = postSolution
		{88C5A20A-AA6C-4856-987C-CAC9AA044C44}.Debug|Any CPU.ActiveCfg = Debug|Any CPU
		{88C5A20A-AA6C-4856-987C-CAC9AA044C44}.Debug|Any CPU.Build.0 = Debug|Any CPU
		{88C5A20A-AA6C-4856-987C-CAC9AA044C44}.Release|Any CPU.ActiveCfg = Release|Any CPU
		{88C5A20A-AA6C-4856-987C-CAC9AA044C44}.Release|Any CPU.Build.0 = Release|Any CPU
	EndGlobalSection
	GlobalSection(SolutionProperties) = preSolution
		HideSolutionNode = FALSE
	EndGlobalSection
	GlobalSection(ExtensibilityGlobals) = postSolution
		SolutionGuid = {E3A94FDD-EC2F-4BE5-B9DF-EFFB93A1E33A}
	EndGlobalSection
EndGlobal
